
Microsoft Visual Studio Solution File, Format Version 12.00
# Visual Studio 14
VisualStudioVersion = 14.0.24720.0
MinimumVisualStudioVersion = 10.0.40219.1
Project("{FAE04EC0-301F-11D3-BF4B-00C04F79EFBC}") = "AspNetMvc", "AspNetMvc\AspNetMvc.csproj", "{8AEB58E6-EDB3-4964-86D1-4AEFBA836FF6}"
EndProject
Project("{FAE04EC0-301F-11D3-BF4B-00C04F79EFBC}") = "DI", "DI\DI.csproj", "{26B9DC32-8FFD-457E-9C57-5CB5838B4214}"
EndProject
Global
	GlobalSection(SolutionConfigurationPlatforms) = preSolution
		Debug|Any CPU = Debug|Any CPU
		Release|Any CPU = Release|Any CPU
	EndGlobalSection
	GlobalSection(ProjectConfigurationPlatforms) = postSolution
		{8AEB58E6-EDB3-4964-86D1-4AEFBA836FF6}.Debug|Any CPU.ActiveCfg = Debug|Any CPU
		{8AEB58E6-EDB3-4964-86D1-4AEFBA836FF6}.Debug|Any CPU.Build.0 = Debug|Any CPU
		{8AEB58E6-EDB3-4964-86D1-4AEFBA836FF6}.Release|Any CPU.ActiveCfg = Release|Any CPU
		{8AEB58E6-EDB3-4964-86D1-4AEFBA836FF6}.Release|Any CPU.Build.0 = Release|Any CPU
		{26B9DC32-8FFD-457E-9C57-5CB5838B4214}.Debug|Any CPU.ActiveCfg = Debug|Any CPU
		{26B9DC32-8FFD-457E-9C57-5CB5838B4214}.Debug|Any CPU.Build.0 = Debug|Any CPU
		{26B9DC32-8FFD-457E-9C57-5CB5838B4214}.Release|Any CPU.ActiveCfg = Release|Any CPU
		{26B9DC32-8FFD-457E-9C57-5CB5838B4214}.Release|Any CPU.Build.0 = Release|Any CPU
	EndGlobalSection
	GlobalSection(SolutionProperties) = preSolution
		HideSolutionNode = FALSE
	EndGlobalSection
EndGlobal
